Microsoft Visual Studio Solution File, Format Version 12.00
# Visual Studio Version 16
VisualStudioVersion = 16.0.31005.135
MinimumVisualStudioVersion = 10.0.40219.1
Project("{FAE04EC0-301F-11D3-BF4B-00C04F79EFBC}") = "HyperTizen", "HyperTizen\HyperTizen.csproj", "{bdb94f63-7409-4d10-9165-ecdc108769f8}"
EndProject
Project("{2150E333-8FDC-42A3-9474-1A3956D46DE8}") = "Solution Items", "Solution Items", "{d1cd1f72-48d2-4740-9041-67020893f0c5}"
	ProjectSection(SolutionItems) = preProject
		tizen_workspace.yaml = tizen_workspace.yaml
	EndProjectSection
EndProject
Global
	GlobalSection(SolutionConfigurationPlatforms) = preSolution
		Debug|Any CPU = Debug|Any CPU
		Release|Any CPU = Release|Any CPU
	EndGlobalSection
	GlobalSection(ProjectConfigurationPlatforms) = postSolution
		{bdb94f63-7409-4d10-9165-ecdc108769f8}.Debug|Any CPU.ActiveCfg = Debug|Any CPU
		{bdb94f63-7409-4d10-9165-ecdc108769f8}.Debug|Any CPU.Build.0 = Debug|Any CPU
		{bdb94f63-7409-4d10-9165-ecdc108769f8}.Release|Any CPU.ActiveCfg = Release|Any CPU
		{bdb94f63-7409-4d10-9165-ecdc108769f8}.Release|Any CPU.Build.0 = Release|Any CPU

	EndGlobalSection
	GlobalSection(SolutionProperties) = preSolution
		HideSolutionNode = FALSE
	EndGlobalSection
EndGlobal
